
Microsoft Visual Studio Solution File, Format Version 12.00
# Visual Studio Version 17
VisualStudioVersion = 17.6.33723.286
MinimumVisualStudioVersion = 10.0.40219.1
Project("{FAE04EC0-301F-11D3-BF4B-00C04F79EFBC}") = "Client", "Client\Client.csproj", "{B9CE7F90-9FF0-4B43-8DA9-A887694F48B3}"
EndProject
Project("{FAE04EC0-301F-11D3-BF4B-00C04F79EFBC}") = "MainComponent", "Server\MainComponent.csproj", "{161AADE3-BB6F-47DD-ACFA-69DC3B676DCE}"
EndProject
Project("{FAE04EC0-301F-11D3-BF4B-00C04F79EFBC}") = "Logger", "Logger\Logger.csproj", "{012F00B8-65DC-49EE-8EF0-BB81FF0FE218}"
EndProject
Project("{FAE04EC0-301F-11D3-BF4B-00C04F79EFBC}") = "Common", "Common\Common.csproj", "{7731D3AE-0D16-435F-9454-8907F1384EE2}"
EndProject
Project("{FAE04EC0-301F-11D3-BF4B-00C04F79EFBC}") = "CertificateManager", "CertificateManager\CertificateManager.csproj", "{6A113BF7-B088-47C7-A401-A50B788F24F7}"
EndProject
Global
	GlobalSection(SolutionConfigurationPlatforms) = preSolution
		Debug|Any CPU = Debug|Any CPU
		Release|Any CPU = Release|Any CPU
	EndGlobalSection
	GlobalSection(ProjectConfigurationPlatforms) = postSolution
		{B9CE7F90-9FF0-4B43-8DA9-A887694F48B3}.Debug|Any CPU.ActiveCfg = Debug|Any CPU
		{B9CE7F90-9FF0-4B43-8DA9-A887694F48B3}.Debug|Any CPU.Build.0 = Debug|Any CPU
		{B9CE7F90-9FF0-4B43-8DA9-A887694F48B3}.Release|Any CPU.ActiveCfg = Release|Any CPU
		{B9CE7F90-9FF0-4B43-8DA9-A887694F48B3}.Release|Any CPU.Build.0 = Release|Any CPU
		{161AADE3-BB6F-47DD-ACFA-69DC3B676DCE}.Debug|Any CPU.ActiveCfg = Debug|Any CPU
		{161AADE3-BB6F-47DD-ACFA-69DC3B676DCE}.Debug|Any CPU.Build.0 = Debug|Any CPU
		{161AADE3-BB6F-47DD-ACFA-69DC3B676DCE}.Release|Any CPU.ActiveCfg = Release|Any CPU
		{161AADE3-BB6F-47DD-ACFA-69DC3B676DCE}.Release|Any CPU.Build.0 = Release|Any CPU
		{012F00B8-65DC-49EE-8EF0-BB81FF0FE218}.Debug|Any CPU.ActiveCfg = Debug|Any CPU
		{012F00B8-65DC-49EE-8EF0-BB81FF0FE218}.Debug|Any CPU.Build.0 = Debug|Any CPU
		{012F00B8-65DC-49EE-8EF0-BB81FF0FE218}.Release|Any CPU.ActiveCfg = Release|Any CPU
		{012F00B8-65DC-49EE-8EF0-BB81FF0FE218}.Release|Any CPU.Build.0 = Release|Any CPU
		{7731D3AE-0D16-435F-9454-8907F1384EE2}.Debug|Any CPU.ActiveCfg = Debug|Any CPU
		{7731D3AE-0D16-435F-9454-8907F1384EE2}.Debug|Any CPU.Build.0 = Debug|Any CPU
		{7731D3AE-0D16-435F-9454-8907F1384EE2}.Release|Any CPU.ActiveCfg = Release|Any CPU
		{7731D3AE-0D16-435F-9454-8907F1384EE2}.Release|Any CPU.Build.0 = Release|Any CPU
		{6A113BF7-B088-47C7-A401-A50B788F24F7}.Debug|Any CPU.ActiveCfg = Debug|Any CPU
		{6A113BF7-B088-47C7-A401-A50B788F24F7}.Debug|Any CPU.Build.0 = Debug|Any CPU
		{6A113BF7-B088-47C7-A401-A50B788F24F7}.Release|Any CPU.ActiveCfg = Release|Any CPU
		{6A113BF7-B088-47C7-A401-A50B788F24F7}.Release|Any CPU.Build.0 = Release|Any CPU
	EndGlobalSection
	GlobalSection(SolutionProperties) = preSolution
		HideSolutionNode = FALSE
	EndGlobalSection
	GlobalSection(ExtensibilityGlobals) = postSolution
		SolutionGuid = {91494DE4-A579-484D-8173-FB9C324F1E30}
	EndGlobalSection
EndGlobal
